<?xml version="1.0" encoding="UTF-8" standalone="yes" ?>
<CodeBlocks_project_file>
	<FileVersion major="1" minor="6" />
	<Project>
		<Option title="TermProj_Connector" />
		<Option pch_mode="2" />
		<Option compiler="gcc" />
		<Build>
			<Target title="Debug">
				<Option output="bin/Debug/TermProj_Connector" prefix_auto="1" extension_auto="1" />
				<Option object_output="obj/Debug/" />
				<Option type="1" />
				<Option compiler="gcc" />
				<Compiler>
					<Add option="-g" />
					<Add directory="include" />
					<Add directory="../../../../../Program Files/boost_1_68_0" />
				</Compiler>
				<Linker>
					<Add directory="../../../../../Program Files/boost_1_68_0" />
				</Linker>
			</Target>
			<Target title="Release">
				<Option output="bin/Release/TermProj_Connector" prefix_auto="1" extension_auto="1" />
				<Option object_output="obj/Release/" />
				<Option type="1" />
				<Option compiler="gcc" />
				<Compiler>
					<Add option="-O2" />
					<Add directory="include" />
				</Compiler>
				<Linker>
					<Add option="-s" />
				</Linker>
			</Target>
		</Build>
		<Compiler>
			<Add option="-Wall" />
			<Add option="-fexceptions" />
		</Compiler>
		<Unit filename="include/conDB.h" />
		<Unit filename="include/jdbc/cppconn/build_config.h" />
		<Unit filename="include/jdbc/cppconn/config.h" />
		<Unit filename="include/jdbc/cppconn/connection.h" />
		<Unit filename="include/jdbc/cppconn/datatype.h" />
		<Unit filename="include/jdbc/cppconn/driver.h" />
		<Unit filename="include/jdbc/cppconn/exception.h" />
		<Unit filename="include/jdbc/cppconn/metadata.h" />
		<Unit filename="include/jdbc/cppconn/parameter_metadata.h" />
		<Unit filename="include/jdbc/cppconn/prepared_statement.h" />
		<Unit filename="include/jdbc/cppconn/resultset.h" />
		<Unit filename="include/jdbc/cppconn/resultset_metadata.h" />
		<Unit filename="include/jdbc/cppconn/sqlstring.h" />
		<Unit filename="include/jdbc/cppconn/statement.h" />
		<Unit filename="include/jdbc/cppconn/variant.h" />
		<Unit filename="include/jdbc/cppconn/version_info.h" />
		<Unit filename="include/jdbc/cppconn/warning.h" />
		<Unit filename="include/jdbc/mysql_connection.h" />
		<Unit filename="include/jdbc/mysql_driver.h" />
		<Unit filename="include/jdbc/mysql_error.h" />
		<Unit filename="include/mysqlx/common.h" />
		<Unit filename="include/mysqlx/common/api.h" />
		<Unit filename="include/mysqlx/common/error.h" />
		<Unit filename="include/mysqlx/common/op_if.h" />
		<Unit filename="include/mysqlx/common/settings.h" />
		<Unit filename="include/mysqlx/common/util.h" />
		<Unit filename="include/mysqlx/common/value.h" />
		<Unit filename="include/mysqlx/common_constants.h" />
		<Unit filename="include/mysqlx/devapi/collations.h" />
		<Unit filename="include/mysqlx/devapi/collection_crud.h" />
		<Unit filename="include/mysqlx/devapi/common.h" />
		<Unit filename="include/mysqlx/devapi/crud.h" />
		<Unit filename="include/mysqlx/devapi/detail/crud.h" />
		<Unit filename="include/mysqlx/devapi/detail/error.h" />
		<Unit filename="include/mysqlx/devapi/detail/result.h" />
		<Unit filename="include/mysqlx/devapi/detail/row.h" />
		<Unit filename="include/mysqlx/devapi/detail/session.h" />
		<Unit filename="include/mysqlx/devapi/detail/settings.h" />
		<Unit filename="include/mysqlx/devapi/document.h" />
		<Unit filename="include/mysqlx/devapi/error.h" />
		<Unit filename="include/mysqlx/devapi/executable.h" />
		<Unit filename="include/mysqlx/devapi/mysql_charsets.h" />
		<Unit filename="include/mysqlx/devapi/mysql_collations.h" />
		<Unit filename="include/mysqlx/devapi/result.h" />
		<Unit filename="include/mysqlx/devapi/row.h" />
		<Unit filename="include/mysqlx/devapi/settings.h" />
		<Unit filename="include/mysqlx/devapi/table_crud.h" />
		<Unit filename="include/mysqlx/xapi.h" />
		<Unit filename="include/mysqlx/xdevapi.h" />
		<Unit filename="lib/libeay32.dll" />
		<Unit filename="lib/mysqlcppconn-7-vs14.dll" />
		<Unit filename="lib/mysqlcppconn8-1-vs14.dll" />
		<Unit filename="lib/ssleay32.dll" />
		<Unit filename="lib/vs14/libeay32.lib" />
		<Unit filename="lib/vs14/mysqlcppconn-static.lib" />
		<Unit filename="lib/vs14/mysqlcppconn.lib" />
		<Unit filename="lib/vs14/mysqlcppconn8-static.lib" />
		<Unit filename="lib/vs14/mysqlcppconn8.lib" />
		<Unit filename="lib/vs14/ssleay32.lib" />
		<Unit filename="main.cpp" />
		<Unit filename="src/conDB.cpp" />
		<Extensions>
			<code_completion />
			<envvars />
			<debugger />
			<lib_finder disable_auto="1" />
		</Extensions>
	</Project>
</CodeBlocks_project_file>
